// !$*UTF8*$!
{
	archiveVersion = 1;
	classes = {
	};
	objectVersion = 50;
	objects = {

/* Begin PBXBuildFile section */
		D1FEA9092506558B00B24B80 /* AppDelegate.swift in Sources */ = {isa = PBXBuildFile; fileRef = D1FEA9082506558B00B24B80 /* AppDelegate.swift */; };
		D1FEA90B2506558B00B24B80 /* SceneDelegate.swift in Sources */ = {isa = PBXBuildFile; fileRef = D1FEA90A2506558B00B24B80 /* SceneDelegate.swift */; };
		D1FEA90D2506558B00B24B80 /* ContentView.swift in Sources */ = {isa = PBXBuildFile; fileRef = D1FEA90C2506558B00B24B80 /* ContentView.swift */; };
		D1FEA90F2506558C00B24B80 /* Assets.xcassets in Resources */ = {isa = PBXBuildFile; fileRef = D1FEA90E2506558C00B24B80 /* Assets.xcassets */; };
		D1FEA9122506558C00B24B80 /* Preview Assets.xcassets in Resources */ = {isa = PBXBuildFile; fileRef = D1FEA9112506558C00B24B80 /* Preview Assets.xcassets */; };
		D1FEA9152506558C00B24B80 /* LaunchScreen.storyboard in Resources */ = {isa = PBXBuildFile; fileRef = D1FEA9132506558C00B24B80 /* LaunchScreen.storyboard */; };
		D1FEA91E250659C400B24B80 /* SpotifyiOS.framework in Frameworks */ = {isa = PBXBuildFile; fileRef = D1FEA91D250659C400B24B80 /* SpotifyiOS.framework */; };
/* End PBXBuildFile section */

/* Begin PBXFileReference section */
		D1FEA9052506558B00B24B80 /* Statify.app */ = {isa = PBXFileReference; explicitFileType = wrapper.application; includeInIndex = 0; path = Statify.app; sourceTree = BUILT_PRODUCTS_DIR; };
		D1FEA9082506558B00B24B80 /* AppDelegate.swift */ = {isa = PBXFileReference; lastKnownFileType = sourcecode.swift; path = AppDelegate.swift; sourceTree = "<group>"; };
		D1FEA90A2506558B00B24B80 /* SceneDelegate.swift */ = {isa = PBXFileReference; lastKnownFileType = sourcecode.swift; path = SceneDelegate.swift; sourceTree = "<group>"; };
		D1FEA90C2506558B00B24B80 /* ContentView.swift */ = {isa = PBXFileReference; lastKnownFileType = sourcecode.swift; path = ContentView.swift; sourceTree = "<group>"; };
		D1FEA90E2506558C00B24B80 /* Assets.xcassets */ = {isa = PBXFileReference; lastKnownFileType = folder.assetcatalog; path = Assets.xcassets; sourceTree = "<group>"; };
		D1FEA9112506558C00B24B80 /* Preview Assets.xcassets */ = {isa = PBXFileReference; lastKnownFileType = folder.assetcatalog; path = "Preview Assets.xcassets"; sourceTree = "<group>"; };
		D1FEA9142506558C00B24B80 /* Base */ = {isa = PBXFileReference; lastKnownFileType = file.storyboard; name = Base; path = Base.lproj/LaunchScreen.storyboard; sourceTree = "<group>"; };
		D1FEA9162506558C00B24B80 /* Info.plist */ = {isa = PBXFileReference; lastKnownFileType = text.plist.xml; path = Info.plist; sourceTree = "<group>"; };
		D1FEA91D250659C400B24B80 /* SpotifyiOS.framework */ = {isa = PBXFileReference; lastKnownFileType = wrapper.framework; path = SpotifyiOS.framework; sourceTree = "<group>"; };
		D1FEA91F25065ACB00B24B80 /* Statify-Bridging-Header.h */ = {isa = PBXFileReference; lastKnownFileType = sourcecode.c.h; path = "Statify-Bridging-Header.h"; sourceTree = "<group>"; };
/* End PBXFileReference section */

/* Begin PBXFrameworksBuildPhase section */
		D1FEA9022506558B00B24B80 /* Frameworks */ = {
			isa = PBXFrameworksBuildPhase;
			buildActionMask = 2147483647;
			files = (
				D1FEA91E250659C400B24B80 /* SpotifyiOS.framework in Frameworks */,
			);
			runOnlyForDeploymentPostprocessing = 0;
		};
/* End PBXFrameworksBuildPhase section */

/* Begin PBXGroup section */
		D1FEA8FC2506558B00B24B80 = {
			isa = PBXGroup;
			children = (
				D1FEA9072506558B00B24B80 /* Statify */,
				D1FEA9062506558B00B24B80 /* Products */,
				D1FEA91C250659B500B24B80 /* Frameworks */,
			);
			sourceTree = "<group>";
		};
		D1FEA9062506558B00B24B80 /* Products */ = {
			isa = PBXGroup;
			children = (
				D1FEA9052506558B00B24B80 /* Statify.app */,
			);
			name = Products;
			sourceTree = "<group>";
		};
		D1FEA9072506558B00B24B80 /* Statify */ = {
			isa = PBXGroup;
			children = (
				D1FEA9082506558B00B24B80 /* AppDelegate.swift */,
				D1FEA90A2506558B00B24B80 /* SceneDelegate.swift */,
				D1FEA90C2506558B00B24B80 /* ContentView.swift */,
				D1FEA90E2506558C00B24B80 /* Assets.xcassets */,
				D1FEA9132506558C00B24B80 /* LaunchScreen.storyboard */,
				D1FEA9162506558C00B24B80 /* Info.plist */,
				D1FEA91F25065ACB00B24B80 /* Statify-Bridging-Header.h */,
				D1FEA9102506558C00B24B80 /* Preview Content */,
			);
			path = Statify;
			sourceTree = "<group>";
		};
		D1FEA9102506558C00B24B80 /* Preview Content */ = {
			isa = PBXGroup;
			children = (
				D1FEA9112506558C00B24B80 /* Preview Assets.xcassets */,
			);
			path = "Preview Content";
			sourceTree = "<group>";
		};
		D1FEA91C250659B500B24B80 /* Frameworks */ = {
			isa = PBXGroup;
			children = (
				D1FEA91D250659C400B24B80 /* SpotifyiOS.framework */,
			);
			name = Frameworks;
			sourceTree = "<group>";
		};
/* End PBXGroup section */

/* Begin PBXNativeTarget section */
		D1FEA9042506558B00B24B80 /* Statify */ = {
			isa = PBXNativeTarget;
			buildConfigurationList = D1FEA9192506558C00B24B80 /* Build configuration list for PBXNativeTarget "Statify" */;
			buildPhases = (
				D1FEA9012506558B00B24B80 /* Sources */,
				D1FEA9022506558B00B24B80 /* Frameworks */,
				D1FEA9032506558B00B24B80 /* Resources */,
			);
			buildRules = (
			);
			dependencies = (
			);
			name = Statify;
			productName = Statify;
			productReference = D1FEA9052506558B00B24B80 /* Statify.app */;
			productType = "com.apple.product-type.application";
		};
/* End PBXNativeTarget section */

/* Begin PBXProject section */
		D1FEA8FD2506558B00B24B80 /* Project object */ = {
			isa = PBXProject;
			attributes = {
				LastSwiftUpdateCheck = 1170;
				LastUpgradeCheck = 1170;
				ORGANIZATIONNAME = Hannes;
				TargetAttributes = {
					D1FEA9042506558B00B24B80 = {
						CreatedOnToolsVersion = 11.7;
					};
				};
			};
			buildConfigurationList = D1FEA9002506558B00B24B80 /* Build configuration list for PBXProject "Statify" */;
			compatibilityVersion = "Xcode 9.3";
			developmentRegion = en;
			hasScannedForEncodings = 0;
			knownRegions = (
				en,
				Base,
			);
			mainGroup = D1FEA8FC2506558B00B24B80;
			productRefGroup = D1FEA9062506558B00B24B80 /* Products */;
			projectDirPath = "";
			projectRoot = "";
			targets = (
				D1FEA9042506558B00B24B80 /* Statify */,
			);
		};
/* End PBXProject section */

/* Begin PBXResourcesBuildPhase section */
		D1FEA9032506558B00B24B80 /* Resources */ = {
			isa = PBXResourcesBuildPhase;
			buildActionMask = 2147483647;
			files = (
				D1FEA9152506558C00B24B80 /* LaunchScreen.storyboard in Resources */,
				D1FEA9122506558C00B24B80 /* Preview Assets.xcassets in Resources */,
				D1FEA90F2506558C00B24B80 /* Assets.xcassets in Resources */,
			);
			runOnlyForDeploymentPostprocessing = 0;
		};
/* End PBXResourcesBuildPhase section */

/* Begin PBXSourcesBuildPhase section */
		D1FEA9012506558B00B24B80 /* Sources */ = {
			isa = PBXSourcesBuildPhase;
			buildActionMask = 2147483647;
			files = (
				D1FEA9092506558B00B24B80 /* AppDelegate.swift in Sources */,
				D1FEA90B2506558B00B24B80 /* SceneDelegate.swift in Sources */,
				D1FEA90D2506558B00B24B80 /* ContentView.swift in Sources */,
			);
			runOnlyForDeploymentPostprocessing = 0;
		};
/* End PBXSourcesBuildPhase section */

/* Begin PBXVariantGroup section */
		D1FEA9132506558C00B24B80 /* LaunchScreen.storyboard */ = {
			isa = PBXVariantGroup;
			children = (
				D1FEA9142506558C00B24B80 /* Base */,
			);
			name = LaunchScreen.storyboard;
			sourceTree = "<group>";
		};
/* End PBXVariantGroup section */

/* Begin XCBuildConfiguration section */
		D1FEA9172506558C00B24B80 /* Debug */ = {
			isa = XCBuildConfiguration;
			buildSettings = {
				ALWAYS_SEARCH_USER_PATHS = NO;
				CLANG_ANALYZER_NONNULL = YES;
				CLANG_ANALYZER_NUMBER_OBJECT_CONVERSION = YES_AGGRESSIVE;
				CLANG_CXX_LANGUAGE_STANDARD = "gnu++14";
				CLANG_CXX_LIBRARY = "libc++";
				CLANG_ENABLE_MODULES = YES;
				CLANG_ENABLE_OBJC_ARC = YES;
				CLANG_ENABLE_OBJC_WEAK = YES;
				CLANG_WARN_BLOCK_CAPTURE_AUTORELEASING = YES;
				CLANG_WARN_BOOL_CONVERSION = YES;
				CLANG_WARN_COMMA = YES;
				CLANG_WARN_CONSTANT_CONVERSION = YES;
				CLANG_WARN_DEPRECATED_OBJC_IMPLEMENTATIONS = YES;
				CLANG_WARN_DIRECT_OBJC_ISA_USAGE = YES_ERROR;
				CLANG_WARN_DOCUMENTATION_COMMENTS = YES;
				CLANG_WARN_EMPTY_BODY = YES;
				CLANG_WARN_ENUM_CONVERSION = YES;
				CLANG_WARN_INFINITE_RECURSION = YES;
				CLANG_WARN_INT_CONVERSION = YES;
				CLANG_WARN_NON_LITERAL_NULL_CONVERSION = YES;
				CLANG_WARN_OBJC_IMPLICIT_RETAIN_SELF = YES;
				CLANG_WARN_OBJC_LITERAL_CONVERSION = YES;
				CLANG_WARN_OBJC_ROOT_CLASS = YES_ERROR;
				CLANG_WARN_RANGE_LOOP_ANALYSIS = YES;
				CLANG_WARN_STRICT_PROTOTYPES = YES;
				CLANG_WARN_SUSPICIOUS_MOVE = YES;
				CLANG_WARN_UNGUARDED_AVAILABILITY = YES_AGGRESSIVE;
				CLANG_WARN_UNREACHABLE_CODE = YES;
				CLANG_WARN__DUPLICATE_METHOD_MATCH = YES;
				COPY_PHASE_STRIP = NO;
				DEBUG_INFORMATION_FORMAT = dwarf;
				ENABLE_STRICT_OBJC_MSGSEND = YES;
				ENABLE_TESTABILITY = YES;
				GCC_C_LANGUAGE_STANDARD = gnu11;
				GCC_DYNAMIC_NO_PIC = NO;
				GCC_NO_COMMON_BLOCKS = YES;
				GCC_OPTIMIZATION_LEVEL = 0;
				GCC_PREPROCESSOR_DEFINITIONS = (
					"DEBUG=1",
					"$(inherited)",
				);
				GCC_WARN_64_TO_32_BIT_CONVERSION = YES;
				GCC_WARN_ABOUT_RETURN_TYPE = YES_ERROR;
				GCC_WARN_UNDECLARED_SELECTOR = YES;
				GCC_WARN_UNINITIALIZED_AUTOS = YES_AGGRESSIVE;
				GCC_WARN_UNUSED_FUNCTION = YES;
				GCC_WARN_UNUSED_VARIABLE = YES;
				IPHONEOS_DEPLOYMENT_TARGET = 13.7;
				MTL_ENABLE_DEBUG_INFO = INCLUDE_SOURCE;
				MTL_FAST_MATH = YES;
				ONLY_ACTIVE_ARCH = YES;
				SDKROOT = iphoneos;
				SWIFT_ACTIVE_COMPILATION_CONDITIONS = DEBUG;
				SWIFT_OPTIMIZATION_LEVEL = "-Onone";
			};
			name = Debug;
		};
		D1FEA9182506558C00B24B80 /* Release */ = {
			isa = XCBuildConfiguration;
			buildSettings = {
				ALWAYS_SEARCH_USER_PATHS = NO;
				CLANG_ANALYZER_NONNULL = YES;
				CLANG_ANALYZER_NUMBER_OBJECT_CONVERSION = YES_AGGRESSIVE;
				CLANG_CXX_LANGUAGE_STANDARD = "gnu++14";
				CLANG_CXX_LIBRARY = "libc++";
				CLANG_ENABLE_MODULES = YES;
				CLANG_ENABLE_OBJC_ARC = YES;
				CLANG_ENABLE_OBJC_WEAK = YES;
				CLANG_WARN_BLOCK_CAPTURE_AUTORELEASING = YES;
				CLANG_WARN_BOOL_CONVERSION = YES;
				CLANG_WARN_COMMA = YES;
				CLANG_WARN_CONSTANT_CONVERSION = YES;
				CLANG_WARN_DEPRECATED_OBJC_IMPLEMENTATIONS = YES;
				CLANG_WARN_DIRECT_OBJC_ISA_USAGE = YES_ERROR;
				CLANG_WARN_DOCUMENTATION_COMMENTS = YES;
				CLANG_WARN_EMPTY_BODY = YES;
				CLANG_WARN_ENUM_CONVERSION = YES;
				CLANG_WARN_INFINITE_RECURSION = YES;
				CLANG_WARN_INT_CONVERSION = YES;
				CLANG_WARN_NON_LITERAL_NULL_CONVERSION = YES;
				CLANG_WARN_OBJC_IMPLICIT_RETAIN_SELF = YES;
				CLANG_WARN_OBJC_LITERAL_CONVERSION = YES;
				CLANG_WARN_OBJC_ROOT_CLASS = YES_ERROR;
				CLANG_WARN_RANGE_LOOP_ANALYSIS = YES;
				CLANG_WARN_STRICT_PROTOTYPES = YES;
				CLANG_WARN_SUSPICIOUS_MOVE = YES;
				CLANG_WARN_UNGUARDED_AVAILABILITY = YES_AGGRESSIVE;
				CLANG_WARN_UNREACHABLE_CODE = YES;
				CLANG_WARN__DUPLICATE_METHOD_MATCH = YES;
				COPY_PHASE_STRIP = NO;
				DEBUG_INFORMATION_FORMAT = "dwarf-with-dsym";
				ENABLE_NS_ASSERTIONS = NO;
				ENABLE_STRICT_OBJC_MSGSEND = YES;
				GCC_C_LANGUAGE_STANDARD = gnu11;
				GCC_NO_COMMON_BLOCKS = YES;
				GCC_WARN_64_TO_32_BIT_CONVERSION = YES;
				GCC_WARN_ABOUT_RETURN_TYPE = YES_ERROR;
				GCC_WARN_UNDECLARED_SELECTOR = YES;
				GCC_WARN_UNINITIALIZED_AUTOS = YES_AGGRESSIVE;
				GCC_WARN_UNUSED_FUNCTION = YES;
				GCC_WARN_UNUSED_VARIABLE = YES;
				IPHONEOS_DEPLOYMENT_TARGET = 13.7;
				MTL_ENABLE_DEBUG_INFO = NO;
				MTL_FAST_MATH = YES;
				SDKROOT = iphoneos;
				SWIFT_COMPILATION_MODE = wholemodule;
				SWIFT_OPTIMIZATION_LEVEL = "-O";
				VALIDATE_PRODUCT = YES;
			};
			name = Release;
		};
		D1FEA91A2506558C00B24B80 /* Debug */ = {
			isa = XCBuildConfiguration;
			buildSettings = {
				ASSETCATALOG_COMPILER_APPICON_NAME = AppIcon;
				CODE_SIGN_STYLE = Automatic;
				DEVELOPMENT_ASSET_PATHS = "\"Statify/Preview Content\"";
				DEVELOPMENT_TEAM = 6N4BH74MV8;
				ENABLE_PREVIEWS = YES;
				FRAMEWORK_SEARCH_PATHS = (
					"$(inherited)",
					"$(PROJECT_DIR)",
				);
				INFOPLIST_FILE = Statify/Info.plist;
				LD_RUNPATH_SEARCH_PATHS = (
					"$(inherited)",
					"@executable_path/Frameworks",
				);
				OTHER_LDFLAGS = "-ObjC";
				PRODUCT_BUNDLE_IDENTIFIER = de.tum.Statify;
				PRODUCT_NAME = "$(TARGET_NAME)";
				SWIFT_OBJC_BRIDGING_HEADER = "Statify-Bridging-Header.h";
				SWIFT_VERSION = 5.0;
				TARGETED_DEVICE_FAMILY = "1,2";
			};
			name = Debug;
		};
		D1FEA91B2506558C00B24B80 /* Release */ = {
			isa = XCBuildConfiguration;
			buildSettings = {
				ASSETCATALOG_COMPILER_APPICON_NAME = AppIcon;
				CODE_SIGN_STYLE = Automatic;
				DEVELOPMENT_ASSET_PATHS = "\"Statify/Preview Content\"";
				DEVELOPMENT_TEAM = 6N4BH74MV8;
				ENABLE_PREVIEWS = YES;
				FRAMEWORK_SEARCH_PATHS = (
					"$(inherited)",
					"$(PROJECT_DIR)",
				);
				INFOPLIST_FILE = Statify/Info.plist;
				LD_RUNPATH_SEARCH_PATHS = (
					"$(inherited)",
					"@executable_path/Frameworks",
				);
				OTHER_LDFLAGS = "-ObjC";
				PRODUCT_BUNDLE_IDENTIFIER = de.tum.Statify;
				PRODUCT_NAME = "$(TARGET_NAME)";
				SWIFT_OBJC_BRIDGING_HEADER = "Statify-Bridging-Header.h";
				SWIFT_VERSION = 5.0;
				TARGETED_DEVICE_FAMILY = "1,2";
			};
			name = Release;
		};
/* End XCBuildConfiguration section */

/* Begin XCConfigurationList section */
		D1FEA9002506558B00B24B80 /* Build configuration list for PBXProject "Statify" */ = {
			isa = XCConfigurationList;
			buildConfigurations = (
				D1FEA9172506558C00B24B80 /* Debug */,
				D1FEA9182506558C00B24B80 /* Release */,
			);
			defaultConfigurationIsVisible = 0;
			defaultConfigurationName = Release;
		};
		D1FEA9192506558C00B24B80 /* Build configuration list for PBXNativeTarget "Statify" */ = {
			isa = XCConfigurationList;
			buildConfigurations = (
				D1FEA91A2506558C00B24B80 /* Debug */,
				D1FEA91B2506558C00B24B80 /* Release */,
			);
			defaultConfigurationIsVisible = 0;
			defaultConfigurationName = Release;
		};
/* End XCConfigurationList section */
	};
	rootObject = D1FEA8FD2506558B00B24B80 /* Project object */;
}
